
Microsoft Visual Studio Solution File, Format Version 12.00
# Visual Studio 15
VisualStudioVersion = 15.0.27703.2047
MinimumVisualStudioVersion = 10.0.40219.1
Project("{159641D6-6404-4A2A-AE62-294DE0FE8301}") = "Integration Services Project5", "Integration Services Project5\Integration Services Project5.dtproj", "{2A7546FB-EF83-4D0B-90A2-09E373FCC2CC}"
EndProject
Global
	GlobalSection(SolutionConfigurationPlatforms) = preSolution
		Development|Default = Development|Default
	EndGlobalSection
	GlobalSection(ProjectConfigurationPlatforms) = postSolution
		{2A7546FB-EF83-4D0B-90A2-09E373FCC2CC}.Development|Default.ActiveCfg = Development
		{2A7546FB-EF83-4D0B-90A2-09E373FCC2CC}.Development|Default.Build.0 = Development
	EndGlobalSection
	GlobalSection(SolutionProperties) = preSolution
		HideSolutionNode = FALSE
	EndGlobalSection
	GlobalSection(ExtensibilityGlobals) = postSolution
		SolutionGuid = {901832E0-5E4C-49DF-B2FD-2D8B688F4DB1}
	EndGlobalSection
EndGlobal
